
Microsoft Visual Studio Solution File, Format Version 12.00
# Visual Studio 15
VisualStudioVersion = 15.0.27703.2042
MinimumVisualStudioVersion = 10.0.40219.1
Project("{9A19103F-16F7-4668-BE54-9A1E7A4F7556}") = "ExamenParcialADS", "ExamenParcialADS\ExamenParcialADS.csproj", "{40AD9CBA-B6EC-446E-8030-0459C0CF15F7}"
EndProject
Project("{9A19103F-16F7-4668-BE54-9A1E7A4F7556}") = "Pregunta06OCP", "Pregunta06OCP\Pregunta06OCP.csproj", "{AC086FBA-40DF-4D44-AEB7-69A41698FD6F}"
EndProject
Global
	GlobalSection(SolutionConfigurationPlatforms) = preSolution
		Debug|Any CPU = Debug|Any CPU
		Release|Any CPU = Release|Any CPU
	EndGlobalSection
	GlobalSection(ProjectConfigurationPlatforms) = postSolution
		{40AD9CBA-B6EC-446E-8030-0459C0CF15F7}.Debug|Any CPU.ActiveCfg = Debug|Any CPU
		{40AD9CBA-B6EC-446E-8030-0459C0CF15F7}.Debug|Any CPU.Build.0 = Debug|Any CPU
		{40AD9CBA-B6EC-446E-8030-0459C0CF15F7}.Release|Any CPU.ActiveCfg = Release|Any CPU
		{40AD9CBA-B6EC-446E-8030-0459C0CF15F7}.Release|Any CPU.Build.0 = Release|Any CPU
		{AC086FBA-40DF-4D44-AEB7-69A41698FD6F}.Debug|Any CPU.ActiveCfg = Debug|Any CPU
		{AC086FBA-40DF-4D44-AEB7-69A41698FD6F}.Debug|Any CPU.Build.0 = Debug|Any CPU
		{AC086FBA-40DF-4D44-AEB7-69A41698FD6F}.Release|Any CPU.ActiveCfg = Release|Any CPU
		{AC086FBA-40DF-4D44-AEB7-69A41698FD6F}.Release|Any CPU.Build.0 = Release|Any CPU
	EndGlobalSection
	GlobalSection(SolutionProperties) = preSolution
		HideSolutionNode = FALSE
	EndGlobalSection
	GlobalSection(ExtensibilityGlobals) = postSolution
		SolutionGuid = {D5BA9036-1904-4F4B-BC4B-C489C5F94511}
	EndGlobalSection
EndGlobal
